{
  "nodes": {
    "gritql-src": {
      "flake": false,
      "locked": {
        "lastModified": 1774843698,
        "narHash": "sha256-/rftecZn0eH4tx07jJEf6ycEOrqpSAj+9st8c8+ySvU=",
        "owner": "biomejs",
        "repo": "gritql",
        "rev": "dbe8faba29a3a7008805aa431534742070002933",
        "type": "github"
      },
      "original": {
        "owner": "biomejs",
        "ref": "v0.0.3",
        "repo": "gritql",
        "type": "github"
      }
    },
    "nix-gritql": {
      "inputs": {
        "gritql-src": "gritql-src",
        "nixpkgs-pinned": [
          "nix-tools",
          "nixpkgs-pinned"
        ],
        "tree-sitter-facade-src": "tree-sitter-facade-src",
        "tree-sitter-gritql-src": "tree-sitter-gritql-src",
        "web-tree-sitter-src": "web-tree-sitter-src"
      },
      "locked": {
        "lastModified": 1788859106,
        "narHash": "sha256-ZIOXYadKm4uB5S5Ga0VCrhfhF3D579YiYtU2VEjGlMA=",
        "owner": "kubijo",
        "repo": "nix-gritql",
        "rev": "a7dd64d332f5339653d79797a2e3ed3598452269",
        "type": "github"
      },
      "original": {
        "owner": "kubijo",
        "ref": "v0.5.0",
        "repo": "nix-gritql",
        "type": "github"
      }
    },
    "nix-tools": {
      "inputs": {
        "nix-gritql": "nix-gritql",
        "nixpkgs-pinned": "nixpkgs-pinned"
      },
      "locked": {
        "lastModified": 1790851788,
        "narHash": "sha256-rf4cOzMRVSPrtxs9Tbv/q+yaROffQKqeVZSXP7m+DQU=",
        "owner": "kubijo",
        "repo": "nix-tools",
        "rev": "cd9088d380797ee71ec186940b3ebc67f55f7db6",
        "type": "github"
      },
      "original": {
        "owner": "kubijo",
        "repo": "nix-tools",
        "type": "github"
      }
    },
    "nixpkgs": {
      "locked": {
        "lastModified": 1790689126,
        "narHash": "sha256-ilerN1WLSvF+HMjziC/Wv99J5y02maDH+6hZPwsORKg=",
        "owner": "NixOS",
        "repo": "nixpkgs",
        "rev": "b4fd65b198c599cbe814fcb9f42d25d021595ec9",
        "type": "github"
      },
      "original": {
        "owner": "NixOS",
        "ref": "nixos-unstable",
        "repo": "nixpkgs",
        "type": "github"
      }
    },
    "nixpkgs-pinned": {
      "locked": {
        "lastModified": 1790652569,
        "narHash": "sha256-641r7xrlSOHYoktL9/aArPIYNgZJ9eM5URzSEOtPJDY=",
        "owner": "NixOS",
        "repo": "nixpkgs",
        "rev": "b6c8664de9b6cc07fe5666a29f91884ba81197c4",
        "type": "github"
      },
      "original": {
        "owner": "NixOS",
        "ref": "nixpkgs-unstable",
        "repo": "nixpkgs",
        "type": "github"
      }
    },
    "pyproject-build-systems": {
      "inputs": {
        "nixpkgs": [
          "nixpkgs"
        ],
        "pyproject-nix": [
          "pyproject-nix"
        ],
        "uv2nix": [
          "uv2nix"
        ]
      },
      "locked": {
        "lastModified": 1790565003,
        "narHash": "sha256-q4W45pwcae0gK41vxzqfmXOnODGKfduLJJdraPHYXcY=",
        "owner": "pyproject-nix",
        "repo": "build-system-pkgs",
        "rev": "c84c47bba26ea303eaefc137ab48307fe57a1be1",
        "type": "github"
      },
      "original": {
        "owner": "pyproject-nix",
        "repo": "build-system-pkgs",
        "type": "github"
      }
    },
    "pyproject-nix": {
      "inputs": {
        "nixpkgs": [
          "nixpkgs"
        ]
      },
      "locked": {
        "lastModified": 1788394333,
        "narHash": "sha256-xYOP0Xym1eVGUaHFx+eJEaycFGoiCbst3fZf0xFHP78=",
        "owner": "pyproject-nix",
        "repo": "pyproject.nix",
        "rev": "6a8a7881d75b6f98967e7b8069f4ead331384301",
        "type": "github"
      },
      "original": {
        "owner": "pyproject-nix",
        "repo": "pyproject.nix",
        "type": "github"
      }
    },
    "root": {
      "inputs": {
        "nix-tools": "nix-tools",
        "nixpkgs": "nixpkgs",
        "pyproject-build-systems": "pyproject-build-systems",
        "pyproject-nix": "pyproject-nix",
        "uv2nix": "uv2nix"
      }
    },
    "tree-sitter-facade-src": {
      "flake": false,
      "locked": {
        "lastModified": 1712338157,
        "narHash": "sha256-nFvQK1NYEIuIwYp1oqGWRM0l2kqdumLTEJADmaocEdw=",
        "owner": "getgrit",
        "repo": "tree-sitter-facade",
        "rev": "a26c147cea7049a5d2c42006499371b346b52648",
        "type": "github"
      },
      "original": {
        "owner": "getgrit",
        "repo": "tree-sitter-facade",
        "rev": "a26c147cea7049a5d2c42006499371b346b52648",
        "type": "github"
      }
    },
    "tree-sitter-gritql-src": {
      "flake": false,
      "locked": {
        "lastModified": 1736264979,
        "narHash": "sha256-nfEvwujjELM7l7MmN/HG4X/zQNZN67mezI1Hn9YxMgM=",
        "owner": "getgrit",
        "repo": "tree-sitter-gritql",
        "rev": "f9d98660bd7ae78c9211cb52e295bcd6531a8121",
        "type": "github"
      },
      "original": {
        "owner": "getgrit",
        "repo": "tree-sitter-gritql",
        "rev": "f9d98660bd7ae78c9211cb52e295bcd6531a8121",
        "type": "github"
      }
    },
    "uv2nix": {
      "inputs": {
        "nixpkgs": [
          "nixpkgs"
        ],
        "pyproject-nix": [
          "pyproject-nix"
        ]
      },
      "locked": {
        "lastModified": 1790341335,
        "narHash": "sha256-wFnDm/o/4OebDlpGFyVXP8DLUx0/gR/jUFuGqmTwsQg=",
        "owner": "pyproject-nix",
        "repo": "uv2nix",
        "rev": "a24323e9e6ecbbf305c238845ff6c612d50467c0",
        "type": "github"
      },
      "original": {
        "owner": "pyproject-nix",
        "repo": "uv2nix",
        "type": "github"
      }
    },
    "web-tree-sitter-src": {
      "flake": false,
      "locked": {
        "lastModified": 1684939404,
        "narHash": "sha256-0HBMN6mSdkVc0XVIr3LvY3npPfFn/tKUuXczUUtwR88=",
        "owner": "getgrit",
        "repo": "web-tree-sitter",
        "rev": "9a01e452ec7288851405722e13aca08d9d90b6b1",
        "type": "github"
      },
      "original": {
        "owner": "getgrit",
        "repo": "web-tree-sitter",
        "rev": "9a01e452ec7288851405722e13aca08d9d90b6b1",
        "type": "github"
      }
    }
  },
  "root": "root",
  "version": 7
}
